{
  "version": 1,
  "dependencies": {
    "net8.0": {
      "IxMilia.Dxf": {
        "type": "Direct",
        "requested": "[0.8.4, 0.8.4]",
        "resolved": "0.8.4",
        "contentHash": "NTrAnCKMgaY0Tm/C1++rp9i+JGHkXL9vy7LjEimeqTOZMRsnyVEvcKksoMsMDyevQArm2epOJc4v+EWP8tSiPg==",
        "dependencies": {
          "System.Text.Encoding.CodePages": "5.0.0"
        }
      },
      "Microsoft.NETCore.Platforms": {
        "type": "Transitive",
        "resolved": "5.0.0",
        "contentHash": "VyPlqzH2wavqquTcYpkIIAQ6WdenuKoFN0BdYBbCWsclXacSOHNQn66Gt4z5NBqEYW0FAPm5rlvki9ZiCij5xQ=="
      },
      "System.Text.Encoding.CodePages": {
        "type": "Transitive",
        "resolved": "5.0.0",
        "contentHash": "NyscU59xX6Uo91qvhOs2Ccho3AR2TnZPomo1Z0K6YpyztBPM/A5VbkzOO19sy3A3i1TtEnTxA7bCe3Us+r5MWg==",
        "dependencies": {
          "Microsoft.NETCore.Platforms": "5.0.0"
        }
      }
    }
  }
}